// !$*UTF8*$!
{
	archiveVersion = 1;
	classes = {
	};
	objectVersion = 46;
	objects = {

/* Begin PBXBuildFile section */
		042FC6571B963FE500549A4B /* sf_ios.framework in Frameworks */ = {isa = PBXBuildFile; fileRef = 042FC64B1B963FE500549A4B /* sf_ios.framework */; };
		042FC69F1B96421E00549A4B /* SFCircularString.h in Headers */ = {isa = PBXBuildFile; fileRef = 042FC6681B96421E00549A4B /* SFCircularString.h */; };
		042FC6A01B96421E00549A4B /* SFCircularString.m in Sources */ = {isa = PBXBuildFile; fileRef = 042FC6691B96421E00549A4B /* SFCircularString.m */; };
		042FC6A11B96421E00549A4B /* SFCompoundCurve.h in Headers */ = {isa = PBXBuildFile; fileRef = 042FC66A1B96421E00549A4B /* SFCompoundCurve.h */; };
		042FC6A21B96421E00549A4B /* SFCompoundCurve.m in Sources */ = {isa = PBXBuildFile; fileRef = 042FC66B1B96421E00549A4B /* SFCompoundCurve.m */; };
		042FC6A31B96421E00549A4B /* SFCurve.h in Headers */ = {isa = PBXBuildFile; fileRef = 042FC66C1B96421E00549A4B /* SFCurve.h */; };
		042FC6A41B96421E00549A4B /* SFCurve.m in Sources */ = {isa = PBXBuildFile; fileRef = 042FC66D1B96421E00549A4B /* SFCurve.m */; };
		042FC6A51B96421E00549A4B /* SFCurvePolygon.h in Headers */ = {isa = PBXBuildFile; fileRef = 042FC66E1B96421E00549A4B /* SFCurvePolygon.h */; };
		042FC6A61B96421E00549A4B /* SFCurvePolygon.m in Sources */ = {isa = PBXBuildFile; fileRef = 042FC66F1B96421E00549A4B /* SFCurvePolygon.m */; };
		042FC6A71B96421E00549A4B /* SFGeometry.h in Headers */ = {isa = PBXBuildFile; fileRef = 042FC6701B96421E00549A4B /* SFGeometry.h */; };
		042FC6A81B96421E00549A4B /* SFGeometry.m in Sources */ = {isa = PBXBuildFile; fileRef = 042FC6711B96421E00549A4B /* SFGeometry.m */; };
		042FC6A91B96421E00549A4B /* SFGeometryCollection.h in Headers */ = {isa = PBXBuildFile; fileRef = 042FC6721B96421E00549A4B /* SFGeometryCollection.h */; };
		042FC6AA1B96421E00549A4B /* SFGeometryCollection.m in Sources */ = {isa = PBXBuildFile; fileRef = 042FC6731B96421E00549A4B /* SFGeometryCollection.m */; };
		042FC6AB1B96421E00549A4B /* SFGeometryEnvelope.h in Headers */ = {isa = PBXBuildFile; fileRef = 042FC6741B96421E00549A4B /* SFGeometryEnvelope.h */; };
		042FC6AC1B96421E00549A4B /* SFGeometryEnvelope.m in Sources */ = {isa = PBXBuildFile; fileRef = 042FC6751B96421E00549A4B /* SFGeometryEnvelope.m */; };
		042FC6AD1B96421E00549A4B /* SFGeometryTypes.h in Headers */ = {isa = PBXBuildFile; fileRef = 042FC6761B96421E00549A4B /* SFGeometryTypes.h */; };
		042FC6AE1B96421E00549A4B /* SFGeometryTypes.m in Sources */ = {isa = PBXBuildFile; fileRef = 042FC6771B96421E00549A4B /* SFGeometryTypes.m */; };
		042FC6AF1B96421E00549A4B /* SFLineString.h in Headers */ = {isa = PBXBuildFile; fileRef = 042FC6781B96421E00549A4B /* SFLineString.h */; };
		042FC6B01B96421E00549A4B /* SFLineString.m in Sources */ = {isa = PBXBuildFile; fileRef = 042FC6791B96421E00549A4B /* SFLineString.m */; };
		042FC6B11B96421E00549A4B /* SFMultiCurve.h in Headers */ = {isa = PBXBuildFile; fileRef = 042FC67A1B96421E00549A4B /* SFMultiCurve.h */; };
		042FC6B21B96421E00549A4B /* SFMultiCurve.m in Sources */ = {isa = PBXBuildFile; fileRef = 042FC67B1B96421E00549A4B /* SFMultiCurve.m */; };
		042FC6B31B96421E00549A4B /* SFMultiLineString.h in Headers */ = {isa = PBXBuildFile; fileRef = 042FC67C1B96421E00549A4B /* SFMultiLineString.h */; };
		042FC6B41B96421E00549A4B /* SFMultiLineString.m in Sources */ = {isa = PBXBuildFile; fileRef = 042FC67D1B96421E00549A4B /* SFMultiLineString.m */; };
		042FC6B51B96421E00549A4B /* SFMultiPoint.h in Headers */ = {isa = PBXBuildFile; fileRef = 042FC67E1B96421E00549A4B /* SFMultiPoint.h */; };
		042FC6B61B96421E00549A4B /* SFMultiPoint.m in Sources */ = {isa = PBXBuildFile; fileRef = 042FC67F1B96421E00549A4B /* SFMultiPoint.m */; };
		042FC6B71B96421E00549A4B /* SFMultiPolygon.h in Headers */ = {isa = PBXBuildFile; fileRef = 042FC6801B96421E00549A4B /* SFMultiPolygon.h */; };
		042FC6B81B96421E00549A4B /* SFMultiPolygon.m in Sources */ = {isa = PBXBuildFile; fileRef = 042FC6811B96421E00549A4B /* SFMultiPolygon.m */; };
		042FC6B91B96421E00549A4B /* SFMultiSurface.h in Headers */ = {isa = PBXBuildFile; fileRef = 042FC6821B96421E00549A4B /* SFMultiSurface.h */; };
		042FC6BA1B96421E00549A4B /* SFMultiSurface.m in Sources */ = {isa = PBXBuildFile; fileRef = 042FC6831B96421E00549A4B /* SFMultiSurface.m */; };
		042FC6BB1B96421E00549A4B /* SFPoint.h in Headers */ = {isa = PBXBuildFile; fileRef = 042FC6841B96421E00549A4B /* SFPoint.h */; };
		042FC6BC1B96421E00549A4B /* SFPoint.m in Sources */ = {isa = PBXBuildFile; fileRef = 042FC6851B96421E00549A4B /* SFPoint.m */; };
		042FC6BD1B96421E00549A4B /* SFPolygon.h in Headers */ = {isa = PBXBuildFile; fileRef = 042FC6861B96421E00549A4B /* SFPolygon.h */; };
		042FC6BE1B96421E00549A4B /* SFPolygon.m in Sources */ = {isa = PBXBuildFile; fileRef = 042FC6871B96421E00549A4B /* SFPolygon.m */; };
		042FC6BF1B96421E00549A4B /* SFPolyhedralSurface.h in Headers */ = {isa = PBXBuildFile; fileRef = 042FC6881B96421E00549A4B /* SFPolyhedralSurface.h */; };
		042FC6C01B96421E00549A4B /* SFPolyhedralSurface.m in Sources */ = {isa = PBXBuildFile; fileRef = 042FC6891B96421E00549A4B /* SFPolyhedralSurface.m */; };
		042FC6C11B96421E00549A4B /* SFSurface.h in Headers */ = {isa = PBXBuildFile; fileRef = 042FC68A1B96421E00549A4B /* SFSurface.h */; };
		042FC6C21B96421E00549A4B /* SFSurface.m in Sources */ = {isa = PBXBuildFile; fileRef = 042FC68B1B96421E00549A4B /* SFSurface.m */; };
		042FC6C31B96421E00549A4B /* SFTIN.h in Headers */ = {isa = PBXBuildFile; fileRef = 042FC68C1B96421E00549A4B /* SFTIN.h */; };
		042FC6C41B96421E00549A4B /* SFTIN.m in Sources */ = {isa = PBXBuildFile; fileRef = 042FC68D1B96421E00549A4B /* SFTIN.m */; };
		042FC6C51B96421E00549A4B /* SFTriangle.h in Headers */ = {isa = PBXBuildFile; fileRef = 042FC68E1B96421E00549A4B /* SFTriangle.h */; };
		042FC6C61B96421E00549A4B /* SFTriangle.m in Sources */ = {isa = PBXBuildFile; fileRef = 042FC68F1B96421E00549A4B /* SFTriangle.m */; };
		042FC6C71B96421E00549A4B /* SFByteReader.h in Headers */ = {isa = PBXBuildFile; fileRef = 042FC6911B96421E00549A4B /* SFByteReader.h */; };
		042FC6C81B96421E00549A4B /* SFByteReader.m in Sources */ = {isa = PBXBuildFile; fileRef = 042FC6921B96421E00549A4B /* SFByteReader.m */; };
		042FC6C91B96421E00549A4B /* SFByteWriter.h in Headers */ = {isa = PBXBuildFile; fileRef = 042FC6931B96421E00549A4B /* SFByteWriter.h */; };
		042FC6CA1B96421E00549A4B /* SFByteWriter.m in Sources */ = {isa = PBXBuildFile; fileRef = 042FC6941B96421E00549A4B /* SFByteWriter.m */; };
		042FC6CF1B96421E00549A4B /* SFGeometryEnvelopeBuilder.h in Headers */ = {isa = PBXBuildFile; fileRef = 042FC69A1B96421E00549A4B /* SFGeometryEnvelopeBuilder.h */; };
		042FC6D01B96421E00549A4B /* SFGeometryEnvelopeBuilder.m in Sources */ = {isa = PBXBuildFile; fileRef = 042FC69B1B96421E00549A4B /* SFGeometryEnvelopeBuilder.m */; };
		042FC6D11B96421E00549A4B /* SFGeometryPrinter.h in Headers */ = {isa = PBXBuildFile; fileRef = 042FC69C1B96421E00549A4B /* SFGeometryPrinter.h */; };
		042FC6D21B96421E00549A4B /* SFGeometryPrinter.m in Sources */ = {isa = PBXBuildFile; fileRef = 042FC69D1B96421E00549A4B /* SFGeometryPrinter.m */; };
		042FC6D31B96421E00549A4B /* sf-ios-Prefix.pch in Headers */ = {isa = PBXBuildFile; fileRef = 042FC69E1B96421E00549A4B /* sf-ios-Prefix.pch */; };
		042FC6D51B96453E00549A4B /* sf_ios.h in Headers */ = {isa = PBXBuildFile; fileRef = 042FC6D41B96453E00549A4B /* sf_ios.h */; };
		0445CB271EA1335B008DC0D7 /* SFGeometryUtils.h in Headers */ = {isa = PBXBuildFile; fileRef = 0445CB251EA1335B008DC0D7 /* SFGeometryUtils.h */; };
		0445CB281EA1335B008DC0D7 /* SFGeometryUtils.m in Sources */ = {isa = PBXBuildFile; fileRef = 0445CB261EA1335B008DC0D7 /* SFGeometryUtils.m */; };
		0445CB2B1EA1448C008DC0D7 /* SFCentroidPoint.h in Headers */ = {isa = PBXBuildFile; fileRef = 0445CB291EA1448C008DC0D7 /* SFCentroidPoint.h */; };
		0445CB2C1EA1448C008DC0D7 /* SFCentroidPoint.m in Sources */ = {isa = PBXBuildFile; fileRef = 0445CB2A1EA1448C008DC0D7 /* SFCentroidPoint.m */; };
		0445CB2F1EA150D1008DC0D7 /* SFCentroidCurve.h in Headers */ = {isa = PBXBuildFile; fileRef = 0445CB2D1EA150D1008DC0D7 /* SFCentroidCurve.h */; };
		0445CB301EA150D1008DC0D7 /* SFCentroidCurve.m in Sources */ = {isa = PBXBuildFile; fileRef = 0445CB2E1EA150D1008DC0D7 /* SFCentroidCurve.m */; };
		0445CB331EA150E3008DC0D7 /* SFCentroidSurface.h in Headers */ = {isa = PBXBuildFile; fileRef = 0445CB311EA150E3008DC0D7 /* SFCentroidSurface.h */; };
		0445CB341EA150E3008DC0D7 /* SFCentroidSurface.m in Sources */ = {isa = PBXBuildFile; fileRef = 0445CB321EA150E3008DC0D7 /* SFCentroidSurface.m */; };
		0445CB361EA4FE5C008DC0D7 /* SFGeometryUtilsTestCase.m in Sources */ = {isa = PBXBuildFile; fileRef = 0445CB351EA4FE5C008DC0D7 /* SFGeometryUtilsTestCase.m */; };
		0472B51B1C03590500496B87 /* sf-ios-Bridging-Header.h in Headers */ = {isa = PBXBuildFile; fileRef = 0472B51A1C03590500496B87 /* sf-ios-Bridging-Header.h */; };
		0496DB1B200813020068A2CE /* SFEventTypes.h in Headers */ = {isa = PBXBuildFile; fileRef = 0496DB19200813020068A2CE /* SFEventTypes.h */; };
		0496DB1C200813020068A2CE /* SFEventTypes.m in Sources */ = {isa = PBXBuildFile; fileRef = 0496DB1A200813020068A2CE /* SFEventTypes.m */; };
		0496DB1F200819110068A2CE /* SFEvent.h in Headers */ = {isa = PBXBuildFile; fileRef = 0496DB1D200819110068A2CE /* SFEvent.h */; };
		0496DB20200819110068A2CE /* SFEvent.m in Sources */ = {isa = PBXBuildFile; fileRef = 0496DB1E200819110068A2CE /* SFEvent.m */; };
		0496DB232008EC740068A2CE /* SFEventQueue.h in Headers */ = {isa = PBXBuildFile; fileRef = 0496DB212008EC740068A2CE /* SFEventQueue.h */; };
		0496DB242008EC740068A2CE /* SFEventQueue.m in Sources */ = {isa = PBXBuildFile; fileRef = 0496DB222008EC740068A2CE /* SFEventQueue.m */; };
		0496DB272008F5FD0068A2CE /* SFSweepLine.h in Headers */ = {isa = PBXBuildFile; fileRef = 0496DB252008F5FD0068A2CE /* SFSweepLine.h */; };
		0496DB282008F5FD0068A2CE /* SFSweepLine.m in Sources */ = {isa = PBXBuildFile; fileRef = 0496DB262008F5FD0068A2CE /* SFSweepLine.m */; };
		04AB919E1BF29F9A00894999 /* SFTestUtils.m in Sources */ = {isa = PBXBuildFile; fileRef = 04AB919D1BF29F9A00894999 /* SFTestUtils.m */; };
		04AB91A11BF2A05200894999 /* SFGeometryTestUtils.m in Sources */ = {isa = PBXBuildFile; fileRef = 04AB91A01BF2A05200894999 /* SFGeometryTestUtils.m */; };
		04B23E9221C18863004080AF /* SFGeometryCodingTestCase.m in Sources */ = {isa = PBXBuildFile; fileRef = 04B23E9121C18863004080AF /* SFGeometryCodingTestCase.m */; };
		04C503042008FC4C00862DA9 /* SFSegment.h in Headers */ = {isa = PBXBuildFile; fileRef = 04C503022008FC4C00862DA9 /* SFSegment.h */; };
		04C503052008FC4C00862DA9 /* SFSegment.m in Sources */ = {isa = PBXBuildFile; fileRef = 04C503032008FC4C00862DA9 /* SFSegment.m */; };
		04C503082008FC6700862DA9 /* SFShamosHoey.h in Headers */ = {isa = PBXBuildFile; fileRef = 04C503062008FC6700862DA9 /* SFShamosHoey.h */; };
		04C503092008FC6700862DA9 /* SFShamosHoey.m in Sources */ = {isa = PBXBuildFile; fileRef = 04C503072008FC6700862DA9 /* SFShamosHoey.m */; };
		04C5030C20095E7300862DA9 /* ShamosHoeyTestCase.m in Sources */ = {isa = PBXBuildFile; fileRef = 04C5030B20095E7300862DA9 /* ShamosHoeyTestCase.m */; };
		04F455EC2090AC7B00FC299E /* SFLine.h in Headers */ = {isa = PBXBuildFile; fileRef = 04F455EA2090AC7B00FC299E /* SFLine.h */; };
		04F455ED2090AC7B00FC299E /* SFLine.m in Sources */ = {isa = PBXBuildFile; fileRef = 04F455EB2090AC7B00FC299E /* SFLine.m */; };
		04F455F02090ACAF00FC299E /* SFLinearRing.h in Headers */ = {isa = PBXBuildFile; fileRef = 04F455EE2090ACAF00FC299E /* SFLinearRing.h */; };
		04F455F12090ACAF00FC299E /* SFLinearRing.m in Sources */ = {isa = PBXBuildFile; fileRef = 04F455EF2090ACAF00FC299E /* SFLinearRing.m */; };
		04F455F52090C10100FC299E /* SFExtendedGeometryCollection.h in Headers */ = {isa = PBXBuildFile; fileRef = 04F455F32090C10100FC299E /* SFExtendedGeometryCollection.h */; };
		04F455F62090C10100FC299E /* SFExtendedGeometryCollection.m in Sources */ = {isa = PBXBuildFile; fileRef = 04F455F42090C10100FC299E /* SFExtendedGeometryCollection.m */; };
		04F455F92090F63B00FC299E /* SFGeometryCollectionTestCase.m in Sources */ = {isa = PBXBuildFile; fileRef = 04F455F82090F63B00FC299E /* SFGeometryCollectionTestCase.m */; };
		B5D94958E350F092F31540ED /* libPods-sf-iosTests.a in Frameworks */ = {isa = PBXBuildFile; fileRef = 499642A447440D35F38311C9 /* libPods-sf-iosTests.a */; };
/* End PBXBuildFile section */

/* Begin PBXContainerItemProxy section */
		042FC6581B963FE500549A4B /* PBXContainerItemProxy */ = {
			isa = PBXContainerItemProxy;
			containerPortal = 042FC6421B963FE500549A4B /* Project object */;
			proxyType = 1;
			remoteGlobalIDString = 042FC64A1B963FE500549A4B;
			remoteInfo = "sf-ios";
		};
/* End PBXContainerItemProxy section */

/* Begin PBXFileReference section */
		042FC64B1B963FE500549A4B /* sf_ios.framework */ = {isa = PBXFileReference; explicitFileType = wrapper.framework; includeInIndex = 0; path = sf_ios.framework; sourceTree = BUILT_PRODUCTS_DIR; };
		042FC64F1B963FE500549A4B /* Info.plist */ = {isa = PBXFileReference; lastKnownFileType = text.plist.xml; path = Info.plist; sourceTree = "<group>"; };
		042FC6561B963FE500549A4B /* sf_iosTests.xctest */ = {isa = PBXFileReference; explicitFileType = wrapper.cfbundle; includeInIndex = 0; path = sf_iosTests.xctest; sourceTree = BUILT_PRODUCTS_DIR; };
		042FC65C1B963FE500549A4B /* Info.plist */ = {isa = PBXFileReference; lastKnownFileType = text.plist.xml; path = Info.plist; sourceTree = "<group>"; };
		042FC6681B96421E00549A4B /* SFCircularString.h */ = {isa = PBXFileReference; fileEncoding = 4; lastKnownFileType = sourcecode.c.h; path = SFCircularString.h; sourceTree = "<group>"; };
		042FC6691B96421E00549A4B /* SFCircularString.m */ = {isa = PBXFileReference; fileEncoding = 4; lastKnownFileType = sourcecode.c.objc; path = SFCircularString.m; sourceTree = "<group>"; };
		042FC66A1B96421E00549A4B /* SFCompoundCurve.h */ = {isa = PBXFileReference; fileEncoding = 4; lastKnownFileType = sourcecode.c.h; path = SFCompoundCurve.h; sourceTree = "<group>"; };
		042FC66B1B96421E00549A4B /* SFCompoundCurve.m */ = {isa = PBXFileReference; fileEncoding = 4; lastKnownFileType = sourcecode.c.objc; path = SFCompoundCurve.m; sourceTree = "<group>"; };
		042FC66C1B96421E00549A4B /* SFCurve.h */ = {isa = PBXFileReference; fileEncoding = 4; lastKnownFileType = sourcecode.c.h; path = SFCurve.h; sourceTree = "<group>"; };
		042FC66D1B96421E00549A4B /* SFCurve.m */ = {isa = PBXFileReference; fileEncoding = 4; lastKnownFileType = sourcecode.c.objc; path = SFCurve.m; sourceTree = "<group>"; };
		042FC66E1B96421E00549A4B /* SFCurvePolygon.h */ = {isa = PBXFileReference; fileEncoding = 4; lastKnownFileType = sourcecode.c.h; path = SFCurvePolygon.h; sourceTree = "<group>"; };
		042FC66F1B96421E00549A4B /* SFCurvePolygon.m */ = {isa = PBXFileReference; fileEncoding = 4; lastKnownFileType = sourcecode.c.objc; path = SFCurvePolygon.m; sourceTree = "<group>"; };
		042FC6701B96421E00549A4B /* SFGeometry.h */ = {isa = PBXFileReference; fileEncoding = 4; lastKnownFileType = sourcecode.c.h; path = SFGeometry.h; sourceTree = "<group>"; };
		042FC6711B96421E00549A4B /* SFGeometry.m */ = {isa = PBXFileReference; fileEncoding = 4; lastKnownFileType = sourcecode.c.objc; path = SFGeometry.m; sourceTree = "<group>"; };
		042FC6721B96421E00549A4B /* SFGeometryCollection.h */ = {isa = PBXFileReference; fileEncoding = 4; lastKnownFileType = sourcecode.c.h; path = SFGeometryCollection.h; sourceTree = "<group>"; };
		042FC6731B96421E00549A4B /* SFGeometryCollection.m */ = {isa = PBXFileReference; fileEncoding = 4; lastKnownFileType = sourcecode.c.objc; path = SFGeometryCollection.m; sourceTree = "<group>"; };
		042FC6741B96421E00549A4B /* SFGeometryEnvelope.h */ = {isa = PBXFileReference; fileEncoding = 4; lastKnownFileType = sourcecode.c.h; path = SFGeometryEnvelope.h; sourceTree = "<group>"; };
		042FC6751B96421E00549A4B /* SFGeometryEnvelope.m */ = {isa = PBXFileReference; fileEncoding = 4; lastKnownFileType = sourcecode.c.objc; path = SFGeometryEnvelope.m; sourceTree = "<group>"; };
		042FC6761B96421E00549A4B /* SFGeometryTypes.h */ = {isa = PBXFileReference; fileEncoding = 4; lastKnownFileType = sourcecode.c.h; path = SFGeometryTypes.h; sourceTree = "<group>"; };
		042FC6771B96421E00549A4B /* SFGeometryTypes.m */ = {isa = PBXFileReference; fileEncoding = 4; lastKnownFileType = sourcecode.c.objc; path = SFGeometryTypes.m; sourceTree = "<group>"; };
		042FC6781B96421E00549A4B /* SFLineString.h */ = {isa = PBXFileReference; fileEncoding = 4; lastKnownFileType = sourcecode.c.h; path = SFLineString.h; sourceTree = "<group>"; };
		042FC6791B96421E00549A4B /* SFLineString.m */ = {isa = PBXFileReference; fileEncoding = 4; lastKnownFileType = sourcecode.c.objc; path = SFLineString.m; sourceTree = "<group>"; };
		042FC67A1B96421E00549A4B /* SFMultiCurve.h */ = {isa = PBXFileReference; fileEncoding = 4; lastKnownFileType = sourcecode.c.h; path = SFMultiCurve.h; sourceTree = "<group>"; };
		042FC67B1B96421E00549A4B /* SFMultiCurve.m */ = {isa = PBXFileReference; fileEncoding = 4; lastKnownFileType = sourcecode.c.objc; path = SFMultiCurve.m; sourceTree = "<group>"; };
		042FC67C1B96421E00549A4B /* SFMultiLineString.h */ = {isa = PBXFileReference; fileEncoding = 4; lastKnownFileType = sourcecode.c.h; path = SFMultiLineString.h; sourceTree = "<group>"; };
		042FC67D1B96421E00549A4B /* SFMultiLineString.m */ = {isa = PBXFileReference; fileEncoding = 4; lastKnownFileType = sourcecode.c.objc; path = SFMultiLineString.m; sourceTree = "<group>"; };
		042FC67E1B96421E00549A4B /* SFMultiPoint.h */ = {isa = PBXFileReference; fileEncoding = 4; lastKnownFileType = sourcecode.c.h; path = SFMultiPoint.h; sourceTree = "<group>"; };
		042FC67F1B96421E00549A4B /* SFMultiPoint.m */ = {isa = PBXFileReference; fileEncoding = 4; lastKnownFileType = sourcecode.c.objc; path = SFMultiPoint.m; sourceTree = "<group>"; };
		042FC6801B96421E00549A4B /* SFMultiPolygon.h */ = {isa = PBXFileReference; fileEncoding = 4; lastKnownFileType = sourcecode.c.h; path = SFMultiPolygon.h; sourceTree = "<group>"; };
		042FC6811B96421E00549A4B /* SFMultiPolygon.m */ = {isa = PBXFileReference; fileEncoding = 4; lastKnownFileType = sourcecode.c.objc; path = SFMultiPolygon.m; sourceTree = "<group>"; };
		042FC6821B96421E00549A4B /* SFMultiSurface.h */ = {isa = PBXFileReference; fileEncoding = 4; lastKnownFileType = sourcecode.c.h; path = SFMultiSurface.h; sourceTree = "<group>"; };
		042FC6831B96421E00549A4B /* SFMultiSurface.m */ = {isa = PBXFileReference; fileEncoding = 4; lastKnownFileType = sourcecode.c.objc; path = SFMultiSurface.m; sourceTree = "<group>"; };
		042FC6841B96421E00549A4B /* SFPoint.h */ = {isa = PBXFileReference; fileEncoding = 4; lastKnownFileType = sourcecode.c.h; path = SFPoint.h; sourceTree = "<group>"; };
		042FC6851B96421E00549A4B /* SFPoint.m */ = {isa = PBXFileReference; fileEncoding = 4; lastKnownFileType = sourcecode.c.objc; path = SFPoint.m; sourceTree = "<group>"; };
		042FC6861B96421E00549A4B /* SFPolygon.h */ = {isa = PBXFileReference; fileEncoding = 4; lastKnownFileType = sourcecode.c.h; path = SFPolygon.h; sourceTree = "<group>"; };
		042FC6871B96421E00549A4B /* SFPolygon.m */ = {isa = PBXFileReference; fileEncoding = 4; lastKnownFileType = sourcecode.c.objc; path = SFPolygon.m; sourceTree = "<group>"; };
		042FC6881B96421E00549A4B /* SFPolyhedralSurface.h */ = {isa = PBXFileReference; fileEncoding = 4; lastKnownFileType = sourcecode.c.h; path = SFPolyhedralSurface.h; sourceTree = "<group>"; };
		042FC6891B96421E00549A4B /* SFPolyhedralSurface.m */ = {isa = PBXFileReference; fileEncoding = 4; lastKnownFileType = sourcecode.c.objc; path = SFPolyhedralSurface.m; sourceTree = "<group>"; };
		042FC68A1B96421E00549A4B /* SFSurface.h */ = {isa = PBXFileReference; fileEncoding = 4; lastKnownFileType = sourcecode.c.h; path = SFSurface.h; sourceTree = "<group>"; };
		042FC68B1B96421E00549A4B /* SFSurface.m */ = {isa = PBXFileReference; fileEncoding = 4; lastKnownFileType = sourcecode.c.objc; path = SFSurface.m; sourceTree = "<group>"; };
		042FC68C1B96421E00549A4B /* SFTIN.h */ = {isa = PBXFileReference; fileEncoding = 4; lastKnownFileType = sourcecode.c.h; path = SFTIN.h; sourceTree = "<group>"; };
		042FC68D1B96421E00549A4B /* SFTIN.m */ = {isa = PBXFileReference; fileEncoding = 4; lastKnownFileType = sourcecode.c.objc; path = SFTIN.m; sourceTree = "<group>"; };
		042FC68E1B96421E00549A4B /* SFTriangle.h */ = {isa = PBXFileReference; fileEncoding = 4; lastKnownFileType = sourcecode.c.h; path = SFTriangle.h; sourceTree = "<group>"; };
		042FC68F1B96421E00549A4B /* SFTriangle.m */ = {isa = PBXFileReference; fileEncoding = 4; lastKnownFileType = sourcecode.c.objc; path = SFTriangle.m; sourceTree = "<group>"; };
		042FC6911B96421E00549A4B /* SFByteReader.h */ = {isa = PBXFileReference; fileEncoding = 4; lastKnownFileType = sourcecode.c.h; path = SFByteReader.h; sourceTree = "<group>"; };
		042FC6921B96421E00549A4B /* SFByteReader.m */ = {isa = PBXFileReference; fileEncoding = 4; lastKnownFileType = sourcecode.c.objc; path = SFByteReader.m; sourceTree = "<group>"; };
		042FC6931B96421E00549A4B /* SFByteWriter.h */ = {isa = PBXFileReference; fileEncoding = 4; lastKnownFileType = sourcecode.c.h; path = SFByteWriter.h; sourceTree = "<group>"; };
		042FC6941B96421E00549A4B /* SFByteWriter.m */ = {isa = PBXFileReference; fileEncoding = 4; lastKnownFileType = sourcecode.c.objc; path = SFByteWriter.m; sourceTree = "<group>"; };
		042FC69A1B96421E00549A4B /* SFGeometryEnvelopeBuilder.h */ = {isa = PBXFileReference; fileEncoding = 4; lastKnownFileType = sourcecode.c.h; path = SFGeometryEnvelopeBuilder.h; sourceTree = "<group>"; };
		042FC69B1B96421E00549A4B /* SFGeometryEnvelopeBuilder.m */ = {isa = PBXFileReference; fileEncoding = 4; lastKnownFileType = sourcecode.c.objc; path = SFGeometryEnvelopeBuilder.m; sourceTree = "<group>"; };
		042FC69C1B96421E00549A4B /* SFGeometryPrinter.h */ = {isa = PBXFileReference; fileEncoding = 4; lastKnownFileType = sourcecode.c.h; path = SFGeometryPrinter.h; sourceTree = "<group>"; };
		042FC69D1B96421E00549A4B /* SFGeometryPrinter.m */ = {isa = PBXFileReference; fileEncoding = 4; lastKnownFileType = sourcecode.c.objc; path = SFGeometryPrinter.m; sourceTree = "<group>"; };
		042FC69E1B96421E00549A4B /* sf-ios-Prefix.pch */ = {isa = PBXFileReference; fileEncoding = 4; lastKnownFileType = sourcecode.c.h; path = "sf-ios-Prefix.pch"; sourceTree = "<group>"; };
		042FC6D41B96453E00549A4B /* sf_ios.h */ = {isa = PBXFileReference; fileEncoding = 4; lastKnownFileType = sourcecode.c.h; path = sf_ios.h; sourceTree = "<group>"; };
		0445CB251EA1335B008DC0D7 /* SFGeometryUtils.h */ = {isa = PBXFileReference; fileEncoding = 4; lastKnownFileType = sourcecode.c.h; path = SFGeometryUtils.h; sourceTree = "<group>"; };
		0445CB261EA1335B008DC0D7 /* SFGeometryUtils.m */ = {isa = PBXFileReference; fileEncoding = 4; lastKnownFileType = sourcecode.c.objc; path = SFGeometryUtils.m; sourceTree = "<group>"; };
		0445CB291EA1448C008DC0D7 /* SFCentroidPoint.h */ = {isa = PBXFileReference; fileEncoding = 4; lastKnownFileType = sourcecode.c.h; path = SFCentroidPoint.h; sourceTree = "<group>"; };
		0445CB2A1EA1448C008DC0D7 /* SFCentroidPoint.m */ = {isa = PBXFileReference; fileEncoding = 4; lastKnownFileType = sourcecode.c.objc; path = SFCentroidPoint.m; sourceTree = "<group>"; };
		0445CB2D1EA150D1008DC0D7 /* SFCentroidCurve.h */ = {isa = PBXFileReference; fileEncoding = 4; lastKnownFileType = sourcecode.c.h; path = SFCentroidCurve.h; sourceTree = "<group>"; };
		0445CB2E1EA150D1008DC0D7 /* SFCentroidCurve.m */ = {isa = PBXFileReference; fileEncoding = 4; lastKnownFileType = sourcecode.c.objc; path = SFCentroidCurve.m; sourceTree = "<group>"; };
		0445CB311EA150E3008DC0D7 /* SFCentroidSurface.h */ = {isa = PBXFileReference; fileEncoding = 4; lastKnownFileType = sourcecode.c.h; path = SFCentroidSurface.h; sourceTree = "<group>"; };
		0445CB321EA150E3008DC0D7 /* SFCentroidSurface.m */ = {isa = PBXFileReference; fileEncoding = 4; lastKnownFileType = sourcecode.c.objc; path = SFCentroidSurface.m; sourceTree = "<group>"; };
		0445CB351EA4FE5C008DC0D7 /* SFGeometryUtilsTestCase.m */ = {isa = PBXFileReference; fileEncoding = 4; lastKnownFileType = sourcecode.c.objc; path = SFGeometryUtilsTestCase.m; sourceTree = "<group>"; };
		0472B51A1C03590500496B87 /* sf-ios-Bridging-Header.h */ = {isa = PBXFileReference; fileEncoding = 4; lastKnownFileType = sourcecode.c.h; path = "sf-ios-Bridging-Header.h"; sourceTree = "<group>"; };
		0496DB19200813020068A2CE /* SFEventTypes.h */ = {isa = PBXFileReference; lastKnownFileType = sourcecode.c.h; path = SFEventTypes.h; sourceTree = "<group>"; };
		0496DB1A200813020068A2CE /* SFEventTypes.m */ = {isa = PBXFileReference; lastKnownFileType = sourcecode.c.objc; path = SFEventTypes.m; sourceTree = "<group>"; };
		0496DB1D200819110068A2CE /* SFEvent.h */ = {isa = PBXFileReference; lastKnownFileType = sourcecode.c.h; path = SFEvent.h; sourceTree = "<group>"; };
		0496DB1E200819110068A2CE /* SFEvent.m */ = {isa = PBXFileReference; lastKnownFileType = sourcecode.c.objc; path = SFEvent.m; sourceTree = "<group>"; };
		0496DB212008EC740068A2CE /* SFEventQueue.h */ = {isa = PBXFileReference; lastKnownFileType = sourcecode.c.h; path = SFEventQueue.h; sourceTree = "<group>"; };
		0496DB222008EC740068A2CE /* SFEventQueue.m */ = {isa = PBXFileReference; lastKnownFileType = sourcecode.c.objc; path = SFEventQueue.m; sourceTree = "<group>"; };
		0496DB252008F5FD0068A2CE /* SFSweepLine.h */ = {isa = PBXFileReference; lastKnownFileType = sourcecode.c.h; path = SFSweepLine.h; sourceTree = "<group>"; };
		0496DB262008F5FD0068A2CE /* SFSweepLine.m */ = {isa = PBXFileReference; lastKnownFileType = sourcecode.c.objc; path = SFSweepLine.m; sourceTree = "<group>"; };
		04AB919C1BF29F9A00894999 /* SFTestUtils.h */ = {isa = PBXFileReference; fileEncoding = 4; lastKnownFileType = sourcecode.c.h; path = SFTestUtils.h; sourceTree = "<group>"; };
		04AB919D1BF29F9A00894999 /* SFTestUtils.m */ = {isa = PBXFileReference; fileEncoding = 4; lastKnownFileType = sourcecode.c.objc; path = SFTestUtils.m; sourceTree = "<group>"; };
		04AB919F1BF2A05200894999 /* SFGeometryTestUtils.h */ = {isa = PBXFileReference; fileEncoding = 4; lastKnownFileType = sourcecode.c.h; path = SFGeometryTestUtils.h; sourceTree = "<group>"; };
		04AB91A01BF2A05200894999 /* SFGeometryTestUtils.m */ = {isa = PBXFileReference; fileEncoding = 4; lastKnownFileType = sourcecode.c.objc; path = SFGeometryTestUtils.m; sourceTree = "<group>"; };
		04B23E9121C18863004080AF /* SFGeometryCodingTestCase.m */ = {isa = PBXFileReference; lastKnownFileType = sourcecode.c.objc; path = SFGeometryCodingTestCase.m; sourceTree = "<group>"; };
		04C503022008FC4C00862DA9 /* SFSegment.h */ = {isa = PBXFileReference; lastKnownFileType = sourcecode.c.h; path = SFSegment.h; sourceTree = "<group>"; };
		04C503032008FC4C00862DA9 /* SFSegment.m */ = {isa = PBXFileReference; lastKnownFileType = sourcecode.c.objc; path = SFSegment.m; sourceTree = "<group>"; };
		04C503062008FC6700862DA9 /* SFShamosHoey.h */ = {isa = PBXFileReference; lastKnownFileType = sourcecode.c.h; path = SFShamosHoey.h; sourceTree = "<group>"; };
		04C503072008FC6700862DA9 /* SFShamosHoey.m */ = {isa = PBXFileReference; lastKnownFileType = sourcecode.c.objc; path = SFShamosHoey.m; sourceTree = "<group>"; };
		04C5030B20095E7300862DA9 /* ShamosHoeyTestCase.m */ = {isa = PBXFileReference; lastKnownFileType = sourcecode.c.objc; path = ShamosHoeyTestCase.m; sourceTree = "<group>"; };
		04F455EA2090AC7B00FC299E /* SFLine.h */ = {isa = PBXFileReference; lastKnownFileType = sourcecode.c.h; path = SFLine.h; sourceTree = "<group>"; };
		04F455EB2090AC7B00FC299E /* SFLine.m */ = {isa = PBXFileReference; lastKnownFileType = sourcecode.c.objc; path = SFLine.m; sourceTree = "<group>"; };
		04F455EE2090ACAF00FC299E /* SFLinearRing.h */ = {isa = PBXFileReference; lastKnownFileType = sourcecode.c.h; path = SFLinearRing.h; sourceTree = "<group>"; };
		04F455EF2090ACAF00FC299E /* SFLinearRing.m */ = {isa = PBXFileReference; lastKnownFileType = sourcecode.c.objc; path = SFLinearRing.m; sourceTree = "<group>"; };
		04F455F32090C10100FC299E /* SFExtendedGeometryCollection.h */ = {isa = PBXFileReference; lastKnownFileType = sourcecode.c.h; path = SFExtendedGeometryCollection.h; sourceTree = "<group>"; };
		04F455F42090C10100FC299E /* SFExtendedGeometryCollection.m */ = {isa = PBXFileReference; lastKnownFileType = sourcecode.c.objc; path = SFExtendedGeometryCollection.m; sourceTree = "<group>"; };
		04F455F82090F63B00FC299E /* SFGeometryCollectionTestCase.m */ = {isa = PBXFileReference; lastKnownFileType = sourcecode.c.objc; path = SFGeometryCollectionTestCase.m; sourceTree = "<group>"; };
		499642A447440D35F38311C9 /* libPods-sf-iosTests.a */ = {isa = PBXFileReference; explicitFileType = archive.ar; includeInIndex = 0; path = "libPods-sf-iosTests.a"; sourceTree = BUILT_PRODUCTS_DIR; };
		6179C77188B4A0E8D4DEDBEB /* Pods-sf-iosTests.debug.xcconfig */ = {isa = PBXFileReference; includeInIndex = 1; lastKnownFileType = text.xcconfig; name = "Pods-sf-iosTests.debug.xcconfig"; path = "Pods/Target Support Files/Pods-sf-iosTests/Pods-sf-iosTests.debug.xcconfig"; sourceTree = "<group>"; };
		B17E59AE80997CC09DD740D6 /* Pods-sf-iosTests.release.xcconfig */ = {isa = PBXFileReference; includeInIndex = 1; lastKnownFileType = text.xcconfig; name = "Pods-sf-iosTests.release.xcconfig"; path = "Pods/Target Support Files/Pods-sf-iosTests/Pods-sf-iosTests.release.xcconfig"; sourceTree = "<group>"; };
/* End PBXFileReference section */

/* Begin PBXFrameworksBuildPhase section */
		042FC6471B963FE500549A4B /* Frameworks */ = {
			isa = PBXFrameworksBuildPhase;
			buildActionMask = 2147483647;
			files = (
			);
			runOnlyForDeploymentPostprocessing = 0;
		};
		042FC6531B963FE500549A4B /* Frameworks */ = {
			isa = PBXFrameworksBuildPhase;
			buildActionMask = 2147483647;
			files = (
				042FC6571B963FE500549A4B /* sf_ios.framework in Frameworks */,
				B5D94958E350F092F31540ED /* libPods-sf-iosTests.a in Frameworks */,
			);
			runOnlyForDeploymentPostprocessing = 0;
		};
/* End PBXFrameworksBuildPhase section */

/* Begin PBXGroup section */
		042FC6411B963FE500549A4B = {
			isa = PBXGroup;
			children = (
				042FC64D1B963FE500549A4B /* sf-ios */,
				042FC65A1B963FE500549A4B /* sf-iosTests */,
				042FC64C1B963FE500549A4B /* Products */,
				987AE7974D8B4ECED7B3FB6B /* Pods */,
				63206AE083C9F99B2058A9EE /* Frameworks */,
			);
			sourceTree = "<group>";
		};
		042FC64C1B963FE500549A4B /* Products */ = {
			isa = PBXGroup;
			children = (
				042FC64B1B963FE500549A4B /* sf_ios.framework */,
				042FC6561B963FE500549A4B /* sf_iosTests.xctest */,
			);
			name = Products;
			sourceTree = "<group>";
		};
		042FC64D1B963FE500549A4B /* sf-ios */ = {
			isa = PBXGroup;
			children = (
				042FC6D41B96453E00549A4B /* sf_ios.h */,
				042FC6681B96421E00549A4B /* SFCircularString.h */,
				042FC6691B96421E00549A4B /* SFCircularString.m */,
				042FC66A1B96421E00549A4B /* SFCompoundCurve.h */,
				042FC66B1B96421E00549A4B /* SFCompoundCurve.m */,
				042FC66C1B96421E00549A4B /* SFCurve.h */,
				042FC66D1B96421E00549A4B /* SFCurve.m */,
				042FC66E1B96421E00549A4B /* SFCurvePolygon.h */,
				042FC66F1B96421E00549A4B /* SFCurvePolygon.m */,
				042FC6701B96421E00549A4B /* SFGeometry.h */,
				042FC6711B96421E00549A4B /* SFGeometry.m */,
				042FC6721B96421E00549A4B /* SFGeometryCollection.h */,
				042FC6731B96421E00549A4B /* SFGeometryCollection.m */,
				042FC6741B96421E00549A4B /* SFGeometryEnvelope.h */,
				042FC6751B96421E00549A4B /* SFGeometryEnvelope.m */,
				042FC6761B96421E00549A4B /* SFGeometryTypes.h */,
				042FC6771B96421E00549A4B /* SFGeometryTypes.m */,
				04F455EA2090AC7B00FC299E /* SFLine.h */,
				04F455EB2090AC7B00FC299E /* SFLine.m */,
				04F455EE2090ACAF00FC299E /* SFLinearRing.h */,
				04F455EF2090ACAF00FC299E /* SFLinearRing.m */,
				042FC6781B96421E00549A4B /* SFLineString.h */,
				042FC6791B96421E00549A4B /* SFLineString.m */,
				042FC67A1B96421E00549A4B /* SFMultiCurve.h */,
				042FC67B1B96421E00549A4B /* SFMultiCurve.m */,
				042FC67C1B96421E00549A4B /* SFMultiLineString.h */,
				042FC67D1B96421E00549A4B /* SFMultiLineString.m */,
				042FC67E1B96421E00549A4B /* SFMultiPoint.h */,
				042FC67F1B96421E00549A4B /* SFMultiPoint.m */,
				042FC6801B96421E00549A4B /* SFMultiPolygon.h */,
				042FC6811B96421E00549A4B /* SFMultiPolygon.m */,
				042FC6821B96421E00549A4B /* SFMultiSurface.h */,
				042FC6831B96421E00549A4B /* SFMultiSurface.m */,
				042FC6841B96421E00549A4B /* SFPoint.h */,
				042FC6851B96421E00549A4B /* SFPoint.m */,
				042FC6861B96421E00549A4B /* SFPolygon.h */,
				042FC6871B96421E00549A4B /* SFPolygon.m */,
				042FC6881B96421E00549A4B /* SFPolyhedralSurface.h */,
				042FC6891B96421E00549A4B /* SFPolyhedralSurface.m */,
				042FC68A1B96421E00549A4B /* SFSurface.h */,
				042FC68B1B96421E00549A4B /* SFSurface.m */,
				042FC68C1B96421E00549A4B /* SFTIN.h */,
				042FC68D1B96421E00549A4B /* SFTIN.m */,
				042FC68E1B96421E00549A4B /* SFTriangle.h */,
				042FC68F1B96421E00549A4B /* SFTriangle.m */,
				04F455F22090C02F00FC299E /* extended */,
				042FC6991B96421E00549A4B /* util */,
				042FC69E1B96421E00549A4B /* sf-ios-Prefix.pch */,
				042FC64E1B963FE500549A4B /* Supporting Files */,
				0472B51A1C03590500496B87 /* sf-ios-Bridging-Header.h */,
			);
			path = "sf-ios";
			sourceTree = "<group>";
		};
		042FC64E1B963FE500549A4B /* Supporting Files */ = {
			isa = PBXGroup;
			children = (
				042FC64F1B963FE500549A4B /* Info.plist */,
			);
			name = "Supporting Files";
			sourceTree = "<group>";
		};
		042FC65A1B963FE500549A4B /* sf-iosTests */ = {
			isa = PBXGroup;
			children = (
				04F455F82090F63B00FC299E /* SFGeometryCollectionTestCase.m */,
				0445CB351EA4FE5C008DC0D7 /* SFGeometryUtilsTestCase.m */,
				04B23E9121C18863004080AF /* SFGeometryCodingTestCase.m */,
				04AB919C1BF29F9A00894999 /* SFTestUtils.h */,
				04AB919D1BF29F9A00894999 /* SFTestUtils.m */,
				04AB919F1BF2A05200894999 /* SFGeometryTestUtils.h */,
				04AB91A01BF2A05200894999 /* SFGeometryTestUtils.m */,
				04C5030A20095DE500862DA9 /* sweep */,
				042FC65B1B963FE500549A4B /* Supporting Files */,
			);
			path = "sf-iosTests";
			sourceTree = "<group>";
		};
		042FC65B1B963FE500549A4B /* Supporting Files */ = {
			isa = PBXGroup;
			children = (
				042FC65C1B963FE500549A4B /* Info.plist */,
			);
			name = "Supporting Files";
			sourceTree = "<group>";
		};
		042FC6991B96421E00549A4B /* util */ = {
			isa = PBXGroup;
			children = (
				042FC6911B96421E00549A4B /* SFByteReader.h */,
				042FC6921B96421E00549A4B /* SFByteReader.m */,
				042FC6931B96421E00549A4B /* SFByteWriter.h */,
				042FC6941B96421E00549A4B /* SFByteWriter.m */,
				042FC69A1B96421E00549A4B /* SFGeometryEnvelopeBuilder.h */,
				042FC69B1B96421E00549A4B /* SFGeometryEnvelopeBuilder.m */,
				042FC69C1B96421E00549A4B /* SFGeometryPrinter.h */,
				042FC69D1B96421E00549A4B /* SFGeometryPrinter.m */,
				0445CB251EA1335B008DC0D7 /* SFGeometryUtils.h */,
				0445CB261EA1335B008DC0D7 /* SFGeometryUtils.m */,
				0496DB172006AEAE0068A2CE /* centroid */,
				0496DB182006B3680068A2CE /* sweep */,
			);
			path = util;
			sourceTree = "<group>";
		};
		0496DB172006AEAE0068A2CE /* centroid */ = {
			isa = PBXGroup;
			children = (
				0445CB2D1EA150D1008DC0D7 /* SFCentroidCurve.h */,
				0445CB2E1EA150D1008DC0D7 /* SFCentroidCurve.m */,
				0445CB291EA1448C008DC0D7 /* SFCentroidPoint.h */,
				0445CB2A1EA1448C008DC0D7 /* SFCentroidPoint.m */,
				0445CB311EA150E3008DC0D7 /* SFCentroidSurface.h */,
				0445CB321EA150E3008DC0D7 /* SFCentroidSurface.m */,
			);
			path = centroid;
			sourceTree = "<group>";
		};
		0496DB182006B3680068A2CE /* sweep */ = {
			isa = PBXGroup;
			children = (
				0496DB1D200819110068A2CE /* SFEvent.h */,
				0496DB1E200819110068A2CE /* SFEvent.m */,
				0496DB212008EC740068A2CE /* SFEventQueue.h */,
				0496DB222008EC740068A2CE /* SFEventQueue.m */,
				0496DB19200813020068A2CE /* SFEventTypes.h */,
				0496DB1A200813020068A2CE /* SFEventTypes.m */,
				04C503022008FC4C00862DA9 /* SFSegment.h */,
				04C503032008FC4C00862DA9 /* SFSegment.m */,
				04C503062008FC6700862DA9 /* SFShamosHoey.h */,
				04C503072008FC6700862DA9 /* SFShamosHoey.m */,
				0496DB252008F5FD0068A2CE /* SFSweepLine.h */,
				0496DB262008F5FD0068A2CE /* SFSweepLine.m */,
			);
			path = sweep;
			sourceTree = "<group>";
		};
		04C5030A20095DE500862DA9 /* sweep */ = {
			isa = PBXGroup;
			children = (
				04C5030B20095E7300862DA9 /* ShamosHoeyTestCase.m */,
			);
			path = sweep;
			sourceTree = "<group>";
		};
		04F455F22090C02F00FC299E /* extended */ = {
			isa = PBXGroup;
			children = (
				04F455F32090C10100FC299E /* SFExtendedGeometryCollection.h */,
				04F455F42090C10100FC299E /* SFExtendedGeometryCollection.m */,
			);
			path = extended;
			sourceTree = "<group>";
		};
		63206AE083C9F99B2058A9EE /* Frameworks */ = {
			isa = PBXGroup;
			children = (
				499642A447440D35F38311C9 /* libPods-sf-iosTests.a */,
			);
			name = Frameworks;
			sourceTree = "<group>";
		};
		987AE7974D8B4ECED7B3FB6B /* Pods */ = {
			isa = PBXGroup;
			children = (
				6179C77188B4A0E8D4DEDBEB /* Pods-sf-iosTests.debug.xcconfig */,
				B17E59AE80997CC09DD740D6 /* Pods-sf-iosTests.release.xcconfig */,
			);
			name = Pods;
			sourceTree = "<group>";
		};
/* End PBXGroup section */

/* Begin PBXHeadersBuildPhase section */
		042FC6481B963FE500549A4B /* Headers */ = {
			isa = PBXHeadersBuildPhase;
			buildActionMask = 2147483647;
			files = (
				042FC6AB1B96421E00549A4B /* SFGeometryEnvelope.h in Headers */,
				04C503082008FC6700862DA9 /* SFShamosHoey.h in Headers */,
				0472B51B1C03590500496B87 /* sf-ios-Bridging-Header.h in Headers */,
				042FC6B91B96421E00549A4B /* SFMultiSurface.h in Headers */,
				0445CB331EA150E3008DC0D7 /* SFCentroidSurface.h in Headers */,
				0496DB232008EC740068A2CE /* SFEventQueue.h in Headers */,
				04F455F52090C10100FC299E /* SFExtendedGeometryCollection.h in Headers */,
				04C503042008FC4C00862DA9 /* SFSegment.h in Headers */,
				042FC6A51B96421E00549A4B /* SFCurvePolygon.h in Headers */,
				04F455F02090ACAF00FC299E /* SFLinearRing.h in Headers */,
				042FC6AF1B96421E00549A4B /* SFLineString.h in Headers */,
				04F455EC2090AC7B00FC299E /* SFLine.h in Headers */,
				042FC6BF1B96421E00549A4B /* SFPolyhedralSurface.h in Headers */,
				042FC6C51B96421E00549A4B /* SFTriangle.h in Headers */,
				042FC6D51B96453E00549A4B /* sf_ios.h in Headers */,
				0445CB271EA1335B008DC0D7 /* SFGeometryUtils.h in Headers */,
				0445CB2F1EA150D1008DC0D7 /* SFCentroidCurve.h in Headers */,
				042FC6C31B96421E00549A4B /* SFTIN.h in Headers */,
				042FC6A11B96421E00549A4B /* SFCompoundCurve.h in Headers */,
				0496DB1B200813020068A2CE /* SFEventTypes.h in Headers */,
				042FC6A71B96421E00549A4B /* SFGeometry.h in Headers */,
				0445CB2B1EA1448C008DC0D7 /* SFCentroidPoint.h in Headers */,
				042FC6B31B96421E00549A4B /* SFMultiLineString.h in Headers */,
				042FC6A91B96421E00549A4B /* SFGeometryCollection.h in Headers */,
				042FC6D31B96421E00549A4B /* sf-ios-Prefix.pch in Headers */,
				042FC6AD1B96421E00549A4B /* SFGeometryTypes.h in Headers */,
				042FC6B71B96421E00549A4B /* SFMultiPolygon.h in Headers */,
				042FC6C71B96421E00549A4B /* SFByteReader.h in Headers */,
				042FC6C91B96421E00549A4B /* SFByteWriter.h in Headers */,
				042FC6B11B96421E00549A4B /* SFMultiCurve.h in Headers */,
				042FC6A31B96421E00549A4B /* SFCurve.h in Headers */,
				0496DB272008F5FD0068A2CE /* SFSweepLine.h in Headers */,
				042FC6CF1B96421E00549A4B /* SFGeometryEnvelopeBuilder.h in Headers */,
				042FC6B51B96421E00549A4B /* SFMultiPoint.h in Headers */,
				042FC6D11B96421E00549A4B /* SFGeometryPrinter.h in Headers */,
				042FC69F1B96421E00549A4B /* SFCircularString.h in Headers */,
				042FC6C11B96421E00549A4B /* SFSurface.h in Headers */,
				042FC6BD1B96421E00549A4B /* SFPolygon.h in Headers */,
				0496DB1F200819110068A2CE /* SFEvent.h in Headers */,
				042FC6BB1B96421E00549A4B /* SFPoint.h in Headers */,
			);
			runOnlyForDeploymentPostprocessing = 0;
		};
/* End PBXHeadersBuildPhase section */

/* Begin PBXNativeTarget section */
		042FC64A1B963FE500549A4B /* sf-ios */ = {
			isa = PBXNativeTarget;
			buildConfigurationList = 042FC6611B963FE500549A4B /* Build configuration list for PBXNativeTarget "sf-ios" */;
			buildPhases = (
				042FC6461B963FE500549A4B /* Sources */,
				042FC6471B963FE500549A4B /* Frameworks */,
				042FC6481B963FE500549A4B /* Headers */,
				042FC6491B963FE500549A4B /* Resources */,
			);
			buildRules = (
			);
			dependencies = (
			);
			name = "sf-ios";
			productName = "sf-ios";
			productReference = 042FC64B1B963FE500549A4B /* sf_ios.framework */;
			productType = "com.apple.product-type.framework";
		};
		042FC6551B963FE500549A4B /* sf-iosTests */ = {
			isa = PBXNativeTarget;
			buildConfigurationList = 042FC6641B963FE500549A4B /* Build configuration list for PBXNativeTarget "sf-iosTests" */;
			buildPhases = (
				A047BB626AE642B283582B82 /* [CP] Check Pods Manifest.lock */,
				042FC6521B963FE500549A4B /* Sources */,
				042FC6531B963FE500549A4B /* Frameworks */,
				042FC6541B963FE500549A4B /* Resources */,
			);
			buildRules = (
			);
			dependencies = (
				042FC6591B963FE500549A4B /* PBXTargetDependency */,
			);
			name = "sf-iosTests";
			productName = "sf-iosTests";
			productReference = 042FC6561B963FE500549A4B /* sf_iosTests.xctest */;
			productType = "com.apple.product-type.bundle.unit-test";
		};
/* End PBXNativeTarget section */

/* Begin PBXProject section */
		042FC6421B963FE500549A4B /* Project object */ = {
			isa = PBXProject;
			attributes = {
				LastUpgradeCheck = 1000;
				ORGANIZATIONNAME = NGA;
				TargetAttributes = {
					042FC64A1B963FE500549A4B = {
						CreatedOnToolsVersion = 6.4;
					};
					042FC6551B963FE500549A4B = {
						CreatedOnToolsVersion = 6.4;
					};
				};
			};
			buildConfigurationList = 042FC6451B963FE500549A4B /* Build configuration list for PBXProject "sf-ios" */;
			compatibilityVersion = "Xcode 3.2";
			developmentRegion = English;
			hasScannedForEncodings = 0;
			knownRegions = (
				en,
			);
			mainGroup = 042FC6411B963FE500549A4B;
			productRefGroup = 042FC64C1B963FE500549A4B /* Products */;
			projectDirPath = "";
			projectRoot = "";
			targets = (
				042FC64A1B963FE500549A4B /* sf-ios */,
				042FC6551B963FE500549A4B /* sf-iosTests */,
			);
		};
/* End PBXProject section */

/* Begin PBXResourcesBuildPhase section */
		042FC6491B963FE500549A4B /* Resources */ = {
			isa = PBXResourcesBuildPhase;
			buildActionMask = 2147483647;
			files = (
			);
			runOnlyForDeploymentPostprocessing = 0;
		};
		042FC6541B963FE500549A4B /* Resources */ = {
			isa = PBXResourcesBuildPhase;
			buildActionMask = 2147483647;
			files = (
			);
			runOnlyForDeploymentPostprocessing = 0;
		};
/* End PBXResourcesBuildPhase section */

/* Begin PBXShellScriptBuildPhase section */
		A047BB626AE642B283582B82 /* [CP] Check Pods Manifest.lock */ = {
			isa = PBXShellScriptBuildPhase;
			buildActionMask = 2147483647;
			files = (
			);
			inputPaths = (
				"${PODS_PODFILE_DIR_PATH}/Podfile.lock",
				"${PODS_ROOT}/Manifest.lock",
			);
			name = "[CP] Check Pods Manifest.lock";
			outputPaths = (
				"$(DERIVED_FILE_DIR)/Pods-sf-iosTests-checkManifestLockResult.txt",
			);
			runOnlyForDeploymentPostprocessing = 0;
			shellPath = /bin/sh;
			shellScript = "diff \"${PODS_PODFILE_DIR_PATH}/Podfile.lock\" \"${PODS_ROOT}/Manifest.lock\" > /dev/null\nif [ $? != 0 ] ; then\n    # print error to STDERR\n    echo \"error: The sandbox is not in sync with the Podfile.lock. Run 'pod install' or update your CocoaPods installation.\" >&2\n    exit 1\nfi\n# This output is used by Xcode 'outputs' to avoid re-running this script phase.\necho \"SUCCESS\" > \"${SCRIPT_OUTPUT_FILE_0}\"\n";
			showEnvVarsInLog = 0;
		};
/* End PBXShellScriptBuildPhase section */

/* Begin PBXSourcesBuildPhase section */
		042FC6461B963FE500549A4B /* Sources */ = {
			isa = PBXSourcesBuildPhase;
			buildActionMask = 2147483647;
			files = (
				042FC6AA1B96421E00549A4B /* SFGeometryCollection.m in Sources */,
				04F455F62090C10100FC299E /* SFExtendedGeometryCollection.m in Sources */,
				042FC6A01B96421E00549A4B /* SFCircularString.m in Sources */,
				0445CB281EA1335B008DC0D7 /* SFGeometryUtils.m in Sources */,
				042FC6B21B96421E00549A4B /* SFMultiCurve.m in Sources */,
				042FC6D01B96421E00549A4B /* SFGeometryEnvelopeBuilder.m in Sources */,
				042FC6CA1B96421E00549A4B /* SFByteWriter.m in Sources */,
				042FC6D21B96421E00549A4B /* SFGeometryPrinter.m in Sources */,
				0445CB2C1EA1448C008DC0D7 /* SFCentroidPoint.m in Sources */,
				0496DB20200819110068A2CE /* SFEvent.m in Sources */,
				0445CB301EA150D1008DC0D7 /* SFCentroidCurve.m in Sources */,
				042FC6BE1B96421E00549A4B /* SFPolygon.m in Sources */,
				042FC6B01B96421E00549A4B /* SFLineString.m in Sources */,
				042FC6B81B96421E00549A4B /* SFMultiPolygon.m in Sources */,
				042FC6C01B96421E00549A4B /* SFPolyhedralSurface.m in Sources */,
				042FC6B41B96421E00549A4B /* SFMultiLineString.m in Sources */,
				042FC6AE1B96421E00549A4B /* SFGeometryTypes.m in Sources */,
				042FC6A61B96421E00549A4B /* SFCurvePolygon.m in Sources */,
				042FC6C61B96421E00549A4B /* SFTriangle.m in Sources */,
				04C503092008FC6700862DA9 /* SFShamosHoey.m in Sources */,
				0496DB1C200813020068A2CE /* SFEventTypes.m in Sources */,
				042FC6B61B96421E00549A4B /* SFMultiPoint.m in Sources */,
				042FC6BC1B96421E00549A4B /* SFPoint.m in Sources */,
				042FC6AC1B96421E00549A4B /* SFGeometryEnvelope.m in Sources */,
				042FC6A81B96421E00549A4B /* SFGeometry.m in Sources */,
				04F455ED2090AC7B00FC299E /* SFLine.m in Sources */,
				042FC6A21B96421E00549A4B /* SFCompoundCurve.m in Sources */,
				042FC6C81B96421E00549A4B /* SFByteReader.m in Sources */,
				042FC6BA1B96421E00549A4B /* SFMultiSurface.m in Sources */,
				042FC6C21B96421E00549A4B /* SFSurface.m in Sources */,
				042FC6C41B96421E00549A4B /* SFTIN.m in Sources */,
				042FC6A41B96421E00549A4B /* SFCurve.m in Sources */,
				0496DB242008EC740068A2CE /* SFEventQueue.m in Sources */,
				0445CB341EA150E3008DC0D7 /* SFCentroidSurface.m in Sources */,
				04F455F12090ACAF00FC299E /* SFLinearRing.m in Sources */,
				0496DB282008F5FD0068A2CE /* SFSweepLine.m in Sources */,
				04C503052008FC4C00862DA9 /* SFSegment.m in Sources */,
			);
			runOnlyForDeploymentPostprocessing = 0;
		};
		042FC6521B963FE500549A4B /* Sources */ = {
			isa = PBXSourcesBuildPhase;
			buildActionMask = 2147483647;
			files = (
				04B23E9221C18863004080AF /* SFGeometryCodingTestCase.m in Sources */,
				04C5030C20095E7300862DA9 /* ShamosHoeyTestCase.m in Sources */,
				04AB919E1BF29F9A00894999 /* SFTestUtils.m in Sources */,
				0445CB361EA4FE5C008DC0D7 /* SFGeometryUtilsTestCase.m in Sources */,
				04F455F92090F63B00FC299E /* SFGeometryCollectionTestCase.m in Sources */,
				04AB91A11BF2A05200894999 /* SFGeometryTestUtils.m in Sources */,
			);
			runOnlyForDeploymentPostprocessing = 0;
		};
/* End PBXSourcesBuildPhase section */

/* Begin PBXTargetDependency section */
		042FC6591B963FE500549A4B /* PBXTargetDependency */ = {
			isa = PBXTargetDependency;
			target = 042FC64A1B963FE500549A4B /* sf-ios */;
			targetProxy = 042FC6581B963FE500549A4B /* PBXContainerItemProxy */;
		};
/* End PBXTargetDependency section */

/* Begin XCBuildConfiguration section */
		042FC65F1B963FE500549A4B /* Debug */ = {
			isa = XCBuildConfiguration;
			buildSettings = {
				ALWAYS_SEARCH_USER_PATHS = NO;
				CLANG_CXX_LANGUAGE_STANDARD = "gnu++0x";
				CLANG_CXX_LIBRARY = "libc++";
				CLANG_ENABLE_MODULES = YES;
				CLANG_ENABLE_OBJC_ARC = YES;
				CLANG_WARN_BLOCK_CAPTURE_AUTORELEASING = YES;
				CLANG_WARN_BOOL_CONVERSION = YES;
				CLANG_WARN_COMMA = YES;
				CLANG_WARN_CONSTANT_CONVERSION = YES;
				CLANG_WARN_DEPRECATED_OBJC_IMPLEMENTATIONS = YES;
				CLANG_WARN_DIRECT_OBJC_ISA_USAGE = YES_ERROR;
				CLANG_WARN_EMPTY_BODY = YES;
				CLANG_WARN_ENUM_CONVERSION = YES;
				CLANG_WARN_INFINITE_RECURSION = YES;
				CLANG_WARN_INT_CONVERSION = YES;
				CLANG_WARN_NON_LITERAL_NULL_CONVERSION = YES;
				CLANG_WARN_OBJC_IMPLICIT_RETAIN_SELF = YES;
				CLANG_WARN_OBJC_LITERAL_CONVERSION = YES;
				CLANG_WARN_OBJC_ROOT_CLASS = YES_ERROR;
				CLANG_WARN_RANGE_LOOP_ANALYSIS = YES;
				CLANG_WARN_STRICT_PROTOTYPES = YES;
				CLANG_WARN_SUSPICIOUS_MOVE = YES;
				CLANG_WARN_UNREACHABLE_CODE = YES;
				CLANG_WARN__DUPLICATE_METHOD_MATCH = YES;
				"CODE_SIGN_IDENTITY[sdk=iphoneos*]" = "iPhone Developer";
				COPY_PHASE_STRIP = NO;
				CURRENT_PROJECT_VERSION = 1;
				DEBUG_INFORMATION_FORMAT = "dwarf-with-dsym";
				ENABLE_STRICT_OBJC_MSGSEND = YES;
				ENABLE_TESTABILITY = YES;
				GCC_C_LANGUAGE_STANDARD = gnu99;
				GCC_DYNAMIC_NO_PIC = NO;
				GCC_NO_COMMON_BLOCKS = YES;
				GCC_OPTIMIZATION_LEVEL = 0;
				GCC_PREPROCESSOR_DEFINITIONS = (
					"DEBUG=1",
					"$(inherited)",
				);
				GCC_SYMBOLS_PRIVATE_EXTERN = NO;
				GCC_WARN_64_TO_32_BIT_CONVERSION = YES;
				GCC_WARN_ABOUT_RETURN_TYPE = YES_ERROR;
				GCC_WARN_UNDECLARED_SELECTOR = YES;
				GCC_WARN_UNINITIALIZED_AUTOS = YES_AGGRESSIVE;
				GCC_WARN_UNUSED_FUNCTION = YES;
				GCC_WARN_UNUSED_VARIABLE = YES;
				IPHONEOS_DEPLOYMENT_TARGET = 8.4;
				MTL_ENABLE_DEBUG_INFO = YES;
				ONLY_ACTIVE_ARCH = YES;
				PRODUCT_NAME = "";
				SDKROOT = iphoneos;
				TARGETED_DEVICE_FAMILY = "1,2";
				VERSIONING_SYSTEM = "apple-generic";
				VERSION_INFO_PREFIX = "";
			};
			name = Debug;
		};
		042FC6601B963FE500549A4B /* Release */ = {
			isa = XCBuildConfiguration;
			buildSettings = {
				ALWAYS_SEARCH_USER_PATHS = NO;
				CLANG_CXX_LANGUAGE_STANDARD = "gnu++0x";
				CLANG_CXX_LIBRARY = "libc++";
				CLANG_ENABLE_MODULES = YES;
				CLANG_ENABLE_OBJC_ARC = YES;
				CLANG_WARN_BLOCK_CAPTURE_AUTORELEASING = YES;
				CLANG_WARN_BOOL_CONVERSION = YES;
				CLANG_WARN_COMMA = YES;
				CLANG_WARN_CONSTANT_CONVERSION = YES;
				CLANG_WARN_DEPRECATED_OBJC_IMPLEMENTATIONS = YES;
				CLANG_WARN_DIRECT_OBJC_ISA_USAGE = YES_ERROR;
				CLANG_WARN_EMPTY_BODY = YES;
				CLANG_WARN_ENUM_CONVERSION = YES;
				CLANG_WARN_INFINITE_RECURSION = YES;
				CLANG_WARN_INT_CONVERSION = YES;
				CLANG_WARN_NON_LITERAL_NULL_CONVERSION = YES;
				CLANG_WARN_OBJC_IMPLICIT_RETAIN_SELF = YES;
				CLANG_WARN_OBJC_LITERAL_CONVERSION = YES;
				CLANG_WARN_OBJC_ROOT_CLASS = YES_ERROR;
				CLANG_WARN_RANGE_LOOP_ANALYSIS = YES;
				CLANG_WARN_STRICT_PROTOTYPES = YES;
				CLANG_WARN_SUSPICIOUS_MOVE = YES;
				CLANG_WARN_UNREACHABLE_CODE = YES;
				CLANG_WARN__DUPLICATE_METHOD_MATCH = YES;
				"CODE_SIGN_IDENTITY[sdk=iphoneos*]" = "iPhone Developer";
				COPY_PHASE_STRIP = NO;
				CURRENT_PROJECT_VERSION = 1;
				DEBUG_INFORMATION_FORMAT = "dwarf-with-dsym";
				ENABLE_NS_ASSERTIONS = NO;
				ENABLE_STRICT_OBJC_MSGSEND = YES;
				GCC_C_LANGUAGE_STANDARD = gnu99;
				GCC_NO_COMMON_BLOCKS = YES;
				GCC_WARN_64_TO_32_BIT_CONVERSION = YES;
				GCC_WARN_ABOUT_RETURN_TYPE = YES_ERROR;
				GCC_WARN_UNDECLARED_SELECTOR = YES;
				GCC_WARN_UNINITIALIZED_AUTOS = YES_AGGRESSIVE;
				GCC_WARN_UNUSED_FUNCTION = YES;
				GCC_WARN_UNUSED_VARIABLE = YES;
				IPHONEOS_DEPLOYMENT_TARGET = 8.4;
				MTL_ENABLE_DEBUG_INFO = NO;
				PRODUCT_NAME = "";
				SDKROOT = iphoneos;
				TARGETED_DEVICE_FAMILY = "1,2";
				VALIDATE_PRODUCT = YES;
				VERSIONING_SYSTEM = "apple-generic";
				VERSION_INFO_PREFIX = "";
			};
			name = Release;
		};
		042FC6621B963FE500549A4B /* Debug */ = {
			isa = XCBuildConfiguration;
			buildSettings = {
				CODE_SIGN_IDENTITY = "";
				DEFINES_MODULE = YES;
				DYLIB_COMPATIBILITY_VERSION = 1;
				DYLIB_CURRENT_VERSION = 1;
				DYLIB_INSTALL_NAME_BASE = "@rpath";
				INFOPLIST_FILE = "sf-ios/Info.plist";
				INSTALL_PATH = "$(LOCAL_LIBRARY_DIR)/Frameworks";
				LD_RUNPATH_SEARCH_PATHS = "$(inherited) @executable_path/Frameworks @loader_path/Frameworks";
				PRODUCT_BUNDLE_IDENTIFIER = mil.nga.sf;
				PRODUCT_NAME = sf_ios;
				SKIP_INSTALL = YES;
			};
			name = Debug;
		};
		042FC6631B963FE500549A4B /* Release */ = {
			isa = XCBuildConfiguration;
			buildSettings = {
				CODE_SIGN_IDENTITY = "";
				DEFINES_MODULE = YES;
				DYLIB_COMPATIBILITY_VERSION = 1;
				DYLIB_CURRENT_VERSION = 1;
				DYLIB_INSTALL_NAME_BASE = "@rpath";
				INFOPLIST_FILE = "sf-ios/Info.plist";
				INSTALL_PATH = "$(LOCAL_LIBRARY_DIR)/Frameworks";
				LD_RUNPATH_SEARCH_PATHS = "$(inherited) @executable_path/Frameworks @loader_path/Frameworks";
				PRODUCT_BUNDLE_IDENTIFIER = mil.nga.sf;
				PRODUCT_NAME = sf_ios;
				SKIP_INSTALL = YES;
			};
			name = Release;
		};
		042FC6651B963FE500549A4B /* Debug */ = {
			isa = XCBuildConfiguration;
			baseConfigurationReference = 6179C77188B4A0E8D4DEDBEB /* Pods-sf-iosTests.debug.xcconfig */;
			buildSettings = {
				FRAMEWORK_SEARCH_PATHS = (
					"$(SDKROOT)/Developer/Library/Frameworks",
					"$(inherited)",
				);
				GCC_PREPROCESSOR_DEFINITIONS = (
					"DEBUG=1",
					"$(inherited)",
				);
				INFOPLIST_FILE = "sf-iosTests/Info.plist";
				LD_RUNPATH_SEARCH_PATHS = "$(inherited) @executable_path/Frameworks @loader_path/Frameworks";
				PRODUCT_BUNDLE_IDENTIFIER = "mil.nga.sf.$(PRODUCT_NAME:rfc1034identifier)";
				PRODUCT_NAME = sf_iosTests;
			};
			name = Debug;
		};
		042FC6661B963FE500549A4B /* Release */ = {
			isa = XCBuildConfiguration;
			baseConfigurationReference = B17E59AE80997CC09DD740D6 /* Pods-sf-iosTests.release.xcconfig */;
			buildSettings = {
				FRAMEWORK_SEARCH_PATHS = (
					"$(SDKROOT)/Developer/Library/Frameworks",
					"$(inherited)",
				);
				INFOPLIST_FILE = "sf-iosTests/Info.plist";
				LD_RUNPATH_SEARCH_PATHS = "$(inherited) @executable_path/Frameworks @loader_path/Frameworks";
				PRODUCT_BUNDLE_IDENTIFIER = "mil.nga.sf.$(PRODUCT_NAME:rfc1034identifier)";
				PRODUCT_NAME = sf_iosTests;
			};
			name = Release;
		};
/* End XCBuildConfiguration section */

/* Begin XCConfigurationList section */
		042FC6451B963FE500549A4B /* Build configuration list for PBXProject "sf-ios" */ = {
			isa = XCConfigurationList;
			buildConfigurations = (
				042FC65F1B963FE500549A4B /* Debug */,
				042FC6601B963FE500549A4B /* Release */,
			);
			defaultConfigurationIsVisible = 0;
			defaultConfigurationName = Release;
		};
		042FC6611B963FE500549A4B /* Build configuration list for PBXNativeTarget "sf-ios" */ = {
			isa = XCConfigurationList;
			buildConfigurations = (
				042FC6621B963FE500549A4B /* Debug */,
				042FC6631B963FE500549A4B /* Release */,
			);
			defaultConfigurationIsVisible = 0;
			defaultConfigurationName = Release;
		};
		042FC6641B963FE500549A4B /* Build configuration list for PBXNativeTarget "sf-iosTests" */ = {
			isa = XCConfigurationList;
			buildConfigurations = (
				042FC6651B963FE500549A4B /* Debug */,
				042FC6661B963FE500549A4B /* Release */,
			);
			defaultConfigurationIsVisible = 0;
			defaultConfigurationName = Release;
		};
/* End XCConfigurationList section */
	};
	rootObject = 042FC6421B963FE500549A4B /* Project object */;
}
